
Microsoft Visual Studio Solution File, Format Version 12.00
# Visual Studio 15
VisualStudioVersion = 15.0.28307.421
MinimumVisualStudioVersion = 10.0.40219.1
Project("{FAE04EC0-301F-11D3-BF4B-00C04F79EFBC}") = "lab2_1", "lab2_1\lab2_1.csproj", "{DB2D4FDE-0EDD-4F81-AF39-D469960D462C}"
EndProject
Global
	GlobalSection(SolutionConfigurationPlatforms) = preSolution
		Debug|Any CPU = Debug|Any CPU
		Release|Any CPU = Release|Any CPU
	EndGlobalSection
	GlobalSection(ProjectConfigurationPlatforms) = postSolution
		{DB2D4FDE-0EDD-4F81-AF39-D469960D462C}.Debug|Any CPU.ActiveCfg = Debug|Any CPU
		{DB2D4FDE-0EDD-4F81-AF39-D469960D462C}.Debug|Any CPU.Build.0 = Debug|Any CPU
		{DB2D4FDE-0EDD-4F81-AF39-D469960D462C}.Release|Any CPU.ActiveCfg = Release|Any CPU
		{DB2D4FDE-0EDD-4F81-AF39-D469960D462C}.Release|Any CPU.Build.0 = Release|Any CPU
	EndGlobalSection
	GlobalSection(SolutionProperties) = preSolution
		HideSolutionNode = FALSE
	EndGlobalSection
	GlobalSection(ExtensibilityGlobals) = postSolution
		SolutionGuid = {364C84BA-7810-4AEE-A8B3-303C611DEF5B}
	EndGlobalSection
EndGlobal
